<Solution>
  <Folder Name="/src/">
    <Project Path="src/Predicto.Simulation/Predicto.Simulation.csproj" />
    <Project Path="src/Predicto/Predicto.csproj" />
  </Folder>
  <Folder Name="/tests/">
    <Project Path="tests/Predicto.Tests/Predicto.Tests.csproj" />
    <Project Path="tests/Predicto.Benchmarks/Predicto.Benchmarks.csproj" />
  </Folder>
</Solution>
